
Microsoft Visual Studio Solution File, Format Version 12.00
# Visual Studio Version 16
VisualStudioVersion = 16.0.31313.79
MinimumVisualStudioVersion = 10.0.40219.1
Project("{FAE04EC0-301F-11D3-BF4B-00C04F79EFBC}") = "MySeleniumProject", "MySeleniumProject\MySeleniumProject.csproj", "{5BDAB32C-3A86-4EBF-9528-2972894B2AB6}"
EndProject
Global
	GlobalSection(SolutionConfigurationPlatforms) = preSolution
		Debug|Any CPU = Debug|Any CPU
		Release|Any CPU = Release|Any CPU
	EndGlobalSection
	GlobalSection(ProjectConfigurationPlatforms) = postSolution
		{5BDAB32C-3A86-4EBF-9528-2972894B2AB6}.Debug|Any CPU.ActiveCfg = Debug|Any CPU
		{5BDAB32C-3A86-4EBF-9528-2972894B2AB6}.Debug|Any CPU.Build.0 = Debug|Any CPU
		{5BDAB32C-3A86-4EBF-9528-2972894B2AB6}.Release|Any CPU.ActiveCfg = Release|Any CPU
		{5BDAB32C-3A86-4EBF-9528-2972894B2AB6}.Release|Any CPU.Build.0 = Release|Any CPU
	EndGlobalSection
	GlobalSection(SolutionProperties) = preSolution
		HideSolutionNode = FALSE
	EndGlobalSection
	GlobalSection(ExtensibilityGlobals) = postSolution
		SolutionGuid = {0757DED2-17F3-487E-970B-E02B0A583FD9}
	EndGlobalSection
EndGlobal
